
Microsoft Visual Studio Solution File, Format Version 12.00
# Visual Studio Version 16
VisualStudioVersion = 16.0.30128.36
MinimumVisualStudioVersion = 15.0.26124.0
Project("{9A19103F-16F7-4668-BE54-9A1E7A4F7556}") = "Stelzi79.NetSdk.ProjectTemplate", "tooling\Stelzi79.NetSdk.ProjectTemplate\Stelzi79.NetSdk.ProjectTemplate.csproj", "{67215E1E-A11B-4E8B-BFC6-D1ABD63CA5EF}"
EndProject
Project("{2150E333-8FDC-42A3-9474-1A3956D46DE8}") = "sdks", "sdks", "{6308D7EF-17A5-4DDA-90AC-81787FFA47C0}"
EndProject
Project("{9A19103F-16F7-4668-BE54-9A1E7A4F7556}") = "Stelzi79.NetSdk", "sdks\Stelzi79.NetSdk\Stelzi79.NetSdk.csproj", "{0BAD787F-290E-4F3D-8A56-8488AB0CDBB1}"
EndProject
Project("{9A19103F-16F7-4668-BE54-9A1E7A4F7556}") = "Stelzi79.NetSdk.BlazorWebAssembly", "sdks\Stelzi79.NetSdk.BlazorWebAssembly\Stelzi79.NetSdk.BlazorWebAssembly.csproj", "{E29DD760-5B3E-4528-936E-A78D2935994B}"
EndProject
Project("{9A19103F-16F7-4668-BE54-9A1E7A4F7556}") = "Stelzi79.NetSdk.Web", "sdks\Stelzi79.NetSdk.Web\Stelzi79.NetSdk.Web.csproj", "{1A4D31D0-078A-4F81-84EA-EBA17ECAE92E}"
EndProject
Project("{2150E333-8FDC-42A3-9474-1A3956D46DE8}") = "tooling", "tooling", "{7E48F525-AF02-4D7A-B148-BD91411B60E3}"
EndProject
Project("{2150E333-8FDC-42A3-9474-1A3956D46DE8}") = "Solution Items", "Solution Items", "{27C1B1BF-DE42-4B93-A11B-7ADF913AC162}"
	ProjectSection(SolutionItems) = preProject
		Directory.Build.props = Directory.Build.props
		Directory.Build.targets = Directory.Build.targets
	EndProjectSection
EndProject
Global
	GlobalSection(SolutionConfigurationPlatforms) = preSolution
		Debug|Any CPU = Debug|Any CPU
		Debug|x64 = Debug|x64
		Debug|x86 = Debug|x86
		Release|Any CPU = Release|Any CPU
		Release|x64 = Release|x64
		Release|x86 = Release|x86
	EndGlobalSection
	GlobalSection(ProjectConfigurationPlatforms) = postSolution
		{67215E1E-A11B-4E8B-BFC6-D1ABD63CA5EF}.Debug|Any CPU.ActiveCfg = Debug|Any CPU
		{67215E1E-A11B-4E8B-BFC6-D1ABD63CA5EF}.Debug|Any CPU.Build.0 = Debug|Any CPU
		{67215E1E-A11B-4E8B-BFC6-D1ABD63CA5EF}.Debug|x64.ActiveCfg = Debug|Any CPU
		{67215E1E-A11B-4E8B-BFC6-D1ABD63CA5EF}.Debug|x64.Build.0 = Debug|Any CPU
		{67215E1E-A11B-4E8B-BFC6-D1ABD63CA5EF}.Debug|x86.ActiveCfg = Debug|Any CPU
		{67215E1E-A11B-4E8B-BFC6-D1ABD63CA5EF}.Debug|x86.Build.0 = Debug|Any CPU
		{67215E1E-A11B-4E8B-BFC6-D1ABD63CA5EF}.Release|Any CPU.ActiveCfg = Release|Any CPU
		{67215E1E-A11B-4E8B-BFC6-D1ABD63CA5EF}.Release|Any CPU.Build.0 = Release|Any CPU
		{67215E1E-A11B-4E8B-BFC6-D1ABD63CA5EF}.Release|x64.ActiveCfg = Release|Any CPU
		{67215E1E-A11B-4E8B-BFC6-D1ABD63CA5EF}.Release|x64.Build.0 = Release|Any CPU
		{67215E1E-A11B-4E8B-BFC6-D1ABD63CA5EF}.Release|x86.ActiveCfg = Release|Any CPU
		{67215E1E-A11B-4E8B-BFC6-D1ABD63CA5EF}.Release|x86.Build.0 = Release|Any CPU
		{0BAD787F-290E-4F3D-8A56-8488AB0CDBB1}.Debug|Any CPU.ActiveCfg = Debug|Any CPU
		{0BAD787F-290E-4F3D-8A56-8488AB0CDBB1}.Debug|Any CPU.Build.0 = Debug|Any CPU
		{0BAD787F-290E-4F3D-8A56-8488AB0CDBB1}.Debug|x64.ActiveCfg = Debug|Any CPU
		{0BAD787F-290E-4F3D-8A56-8488AB0CDBB1}.Debug|x64.Build.0 = Debug|Any CPU
		{0BAD787F-290E-4F3D-8A56-8488AB0CDBB1}.Debug|x86.ActiveCfg = Debug|Any CPU
		{0BAD787F-290E-4F3D-8A56-8488AB0CDBB1}.Debug|x86.Build.0 = Debug|Any CPU
		{0BAD787F-290E-4F3D-8A56-8488AB0CDBB1}.Release|Any CPU.ActiveCfg = Release|Any CPU
		{0BAD787F-290E-4F3D-8A56-8488AB0CDBB1}.Release|Any CPU.Build.0 = Release|Any CPU
		{0BAD787F-290E-4F3D-8A56-8488AB0CDBB1}.Release|x64.ActiveCfg = Release|Any CPU
		{0BAD787F-290E-4F3D-8A56-8488AB0CDBB1}.Release|x64.Build.0 = Release|Any CPU
		{0BAD787F-290E-4F3D-8A56-8488AB0CDBB1}.Release|x86.ActiveCfg = Release|Any CPU
		{0BAD787F-290E-4F3D-8A56-8488AB0CDBB1}.Release|x86.Build.0 = Release|Any CPU
		{E29DD760-5B3E-4528-936E-A78D2935994B}.Debug|Any CPU.ActiveCfg = Debug|Any CPU
		{E29DD760-5B3E-4528-936E-A78D2935994B}.Debug|Any CPU.Build.0 = Debug|Any CPU
		{E29DD760-5B3E-4528-936E-A78D2935994B}.Debug|x64.ActiveCfg = Debug|Any CPU
		{E29DD760-5B3E-4528-936E-A78D2935994B}.Debug|x64.Build.0 = Debug|Any CPU
		{E29DD760-5B3E-4528-936E-A78D2935994B}.Debug|x86.ActiveCfg = Debug|Any CPU
		{E29DD760-5B3E-4528-936E-A78D2935994B}.Debug|x86.Build.0 = Debug|Any CPU
		{E29DD760-5B3E-4528-936E-A78D2935994B}.Release|Any CPU.ActiveCfg = Release|Any CPU
		{E29DD760-5B3E-4528-936E-A78D2935994B}.Release|Any CPU.Build.0 = Release|Any CPU
		{E29DD760-5B3E-4528-936E-A78D2935994B}.Release|x64.ActiveCfg = Release|Any CPU
		{E29DD760-5B3E-4528-936E-A78D2935994B}.Release|x64.Build.0 = Release|Any CPU
		{E29DD760-5B3E-4528-936E-A78D2935994B}.Release|x86.ActiveCfg = Release|Any CPU
		{E29DD760-5B3E-4528-936E-A78D2935994B}.Release|x86.Build.0 = Release|Any CPU
		{20F195B0-2B84-4A9D-A7D9-F0D286F492FC}.Debug|Any CPU.ActiveCfg = Debug|Any CPU
		{20F195B0-2B84-4A9D-A7D9-F0D286F492FC}.Debug|Any CPU.Build.0 = Debug|Any CPU
		{20F195B0-2B84-4A9D-A7D9-F0D286F492FC}.Debug|x64.ActiveCfg = Debug|Any CPU
		{20F195B0-2B84-4A9D-A7D9-F0D286F492FC}.Debug|x64.Build.0 = Debug|Any CPU
		{20F195B0-2B84-4A9D-A7D9-F0D286F492FC}.Debug|x86.ActiveCfg = Debug|Any CPU
		{20F195B0-2B84-4A9D-A7D9-F0D286F492FC}.Debug|x86.Build.0 = Debug|Any CPU
		{20F195B0-2B84-4A9D-A7D9-F0D286F492FC}.Release|Any CPU.ActiveCfg = Release|Any CPU
		{20F195B0-2B84-4A9D-A7D9-F0D286F492FC}.Release|Any CPU.Build.0 = Release|Any CPU
		{20F195B0-2B84-4A9D-A7D9-F0D286F492FC}.Release|x64.ActiveCfg = Release|Any CPU
		{20F195B0-2B84-4A9D-A7D9-F0D286F492FC}.Release|x64.Build.0 = Release|Any CPU
		{20F195B0-2B84-4A9D-A7D9-F0D286F492FC}.Release|x86.ActiveCfg = Release|Any CPU
		{20F195B0-2B84-4A9D-A7D9-F0D286F492FC}.Release|x86.Build.0 = Release|Any CPU
		{1A4D31D0-078A-4F81-84EA-EBA17ECAE92E}.Debug|Any CPU.ActiveCfg = Debug|Any CPU
		{1A4D31D0-078A-4F81-84EA-EBA17ECAE92E}.Debug|Any CPU.Build.0 = Debug|Any CPU
		{1A4D31D0-078A-4F81-84EA-EBA17ECAE92E}.Debug|x64.ActiveCfg = Debug|Any CPU
		{1A4D31D0-078A-4F81-84EA-EBA17ECAE92E}.Debug|x64.Build.0 = Debug|Any CPU
		{1A4D31D0-078A-4F81-84EA-EBA17ECAE92E}.Debug|x86.ActiveCfg = Debug|Any CPU
		{1A4D31D0-078A-4F81-84EA-EBA17ECAE92E}.Debug|x86.Build.0 = Debug|Any CPU
		{1A4D31D0-078A-4F81-84EA-EBA17ECAE92E}.Release|Any CPU.ActiveCfg = Release|Any CPU
		{1A4D31D0-078A-4F81-84EA-EBA17ECAE92E}.Release|Any CPU.Build.0 = Release|Any CPU
		{1A4D31D0-078A-4F81-84EA-EBA17ECAE92E}.Release|x64.ActiveCfg = Release|Any CPU
		{1A4D31D0-078A-4F81-84EA-EBA17ECAE92E}.Release|x64.Build.0 = Release|Any CPU
		{1A4D31D0-078A-4F81-84EA-EBA17ECAE92E}.Release|x86.ActiveCfg = Release|Any CPU
		{1A4D31D0-078A-4F81-84EA-EBA17ECAE92E}.Release|x86.Build.0 = Release|Any CPU
		{383753B1-E2BB-4E76-A4FE-70AA1816E000}.Debug|Any CPU.ActiveCfg = Debug|Any CPU
		{383753B1-E2BB-4E76-A4FE-70AA1816E000}.Debug|Any CPU.Build.0 = Debug|Any CPU
		{383753B1-E2BB-4E76-A4FE-70AA1816E000}.Debug|x64.ActiveCfg = Debug|Any CPU
		{383753B1-E2BB-4E76-A4FE-70AA1816E000}.Debug|x64.Build.0 = Debug|Any CPU
		{383753B1-E2BB-4E76-A4FE-70AA1816E000}.Debug|x86.ActiveCfg = Debug|Any CPU
		{383753B1-E2BB-4E76-A4FE-70AA1816E000}.Debug|x86.Build.0 = Debug|Any CPU
		{383753B1-E2BB-4E76-A4FE-70AA1816E000}.Release|Any CPU.ActiveCfg = Release|Any CPU
		{383753B1-E2BB-4E76-A4FE-70AA1816E000}.Release|Any CPU.Build.0 = Release|Any CPU
		{383753B1-E2BB-4E76-A4FE-70AA1816E000}.Release|x64.ActiveCfg = Release|Any CPU
		{383753B1-E2BB-4E76-A4FE-70AA1816E000}.Release|x64.Build.0 = Release|Any CPU
		{383753B1-E2BB-4E76-A4FE-70AA1816E000}.Release|x86.ActiveCfg = Release|Any CPU
		{383753B1-E2BB-4E76-A4FE-70AA1816E000}.Release|x86.Build.0 = Release|Any CPU
	EndGlobalSection
	GlobalSection(SolutionProperties) = preSolution
		HideSolutionNode = FALSE
	EndGlobalSection
	GlobalSection(NestedProjects) = preSolution
		{67215E1E-A11B-4E8B-BFC6-D1ABD63CA5EF} = {7E48F525-AF02-4D7A-B148-BD91411B60E3}
		{0BAD787F-290E-4F3D-8A56-8488AB0CDBB1} = {6308D7EF-17A5-4DDA-90AC-81787FFA47C0}
		{E29DD760-5B3E-4528-936E-A78D2935994B} = {6308D7EF-17A5-4DDA-90AC-81787FFA47C0}
		{1A4D31D0-078A-4F81-84EA-EBA17ECAE92E} = {6308D7EF-17A5-4DDA-90AC-81787FFA47C0}
	EndGlobalSection
	GlobalSection(ExtensibilityGlobals) = postSolution
		SolutionGuid = {CC89E5F4-27A9-4B68-987C-88C9D3043F80}
	EndGlobalSection
EndGlobal
